
Microsoft Visual Studio Solution File, Format Version 12.00
# Visual Studio Version 16
VisualStudioVersion = 16.0.30907.101
MinimumVisualStudioVersion = 10.0.40219.1
Project("{FAE04EC0-301F-11D3-BF4B-00C04F79EFBC}") = "BookStorageAPI", "OOP2-lesson-2-Practice\BookStorageAPI.csproj", "{DD36AF80-2041-409A-B47A-BC009A449A52}"
EndProject
Project("{FAE04EC0-301F-11D3-BF4B-00C04F79EFBC}") = "BookStorageClient", "OOP2-lesson-2-Practice\Client\BookStorageClient.csproj", "{E8132F79-BE63-42FF-A0DF-03339E99F68F}"
EndProject
Project("{FAE04EC0-301F-11D3-BF4B-00C04F79EFBC}") = "BankAPI", "API 2\BankAPI.csproj", "{BF6F67F2-7DF4-4797-BC63-60C27F77D8DF}"
EndProject
Project("{FAE04EC0-301F-11D3-BF4B-00C04F79EFBC}") = "BankClient", "Client 2\BankClient.csproj", "{8D9A8915-8A05-41A7-B54F-3FFE308688C4}"
EndProject
Global
	GlobalSection(SolutionConfigurationPlatforms) = preSolution
		Debug|Any CPU = Debug|Any CPU
		Release|Any CPU = Release|Any CPU
	EndGlobalSection
	GlobalSection(ProjectConfigurationPlatforms) = postSolution
		{DD36AF80-2041-409A-B47A-BC009A449A52}.Debug|Any CPU.ActiveCfg = Debug|Any CPU
		{DD36AF80-2041-409A-B47A-BC009A449A52}.Debug|Any CPU.Build.0 = Debug|Any CPU
		{DD36AF80-2041-409A-B47A-BC009A449A52}.Release|Any CPU.ActiveCfg = Release|Any CPU
		{DD36AF80-2041-409A-B47A-BC009A449A52}.Release|Any CPU.Build.0 = Release|Any CPU
		{E8132F79-BE63-42FF-A0DF-03339E99F68F}.Debug|Any CPU.ActiveCfg = Debug|Any CPU
		{E8132F79-BE63-42FF-A0DF-03339E99F68F}.Debug|Any CPU.Build.0 = Debug|Any CPU
		{E8132F79-BE63-42FF-A0DF-03339E99F68F}.Release|Any CPU.ActiveCfg = Release|Any CPU
		{E8132F79-BE63-42FF-A0DF-03339E99F68F}.Release|Any CPU.Build.0 = Release|Any CPU
		{BF6F67F2-7DF4-4797-BC63-60C27F77D8DF}.Debug|Any CPU.ActiveCfg = Debug|Any CPU
		{BF6F67F2-7DF4-4797-BC63-60C27F77D8DF}.Debug|Any CPU.Build.0 = Debug|Any CPU
		{BF6F67F2-7DF4-4797-BC63-60C27F77D8DF}.Release|Any CPU.ActiveCfg = Release|Any CPU
		{BF6F67F2-7DF4-4797-BC63-60C27F77D8DF}.Release|Any CPU.Build.0 = Release|Any CPU
		{8D9A8915-8A05-41A7-B54F-3FFE308688C4}.Debug|Any CPU.ActiveCfg = Debug|Any CPU
		{8D9A8915-8A05-41A7-B54F-3FFE308688C4}.Debug|Any CPU.Build.0 = Debug|Any CPU
		{8D9A8915-8A05-41A7-B54F-3FFE308688C4}.Release|Any CPU.ActiveCfg = Release|Any CPU
		{8D9A8915-8A05-41A7-B54F-3FFE308688C4}.Release|Any CPU.Build.0 = Release|Any CPU
	EndGlobalSection
	GlobalSection(SolutionProperties) = preSolution
		HideSolutionNode = FALSE
	EndGlobalSection
	GlobalSection(ExtensibilityGlobals) = postSolution
		SolutionGuid = {F66059C2-C84E-4AE8-B3E0-04180D569185}
	EndGlobalSection
EndGlobal
